
Microsoft Visual Studio Solution File, Format Version 12.00
# Visual Studio Version 17
VisualStudioVersion = 17.9.34728.123
MinimumVisualStudioVersion = 10.0.40219.1
Project("{FAE04EC0-301F-11D3-BF4B-00C04F79EFBC}") = "JustExample", "JustExample\JustExample.csproj", "{A9872F39-18C4-474A-9A7A-EB07585987FA}"
EndProject
Global
	GlobalSection(SolutionConfigurationPlatforms) = preSolution
		Debug|Any CPU = Debug|Any CPU
		Release|Any CPU = Release|Any CPU
	EndGlobalSection
	GlobalSection(ProjectConfigurationPlatforms) = postSolution
		{A9872F39-18C4-474A-9A7A-EB07585987FA}.Debug|Any CPU.ActiveCfg = Debug|Any CPU
		{A9872F39-18C4-474A-9A7A-EB07585987FA}.Debug|Any CPU.Build.0 = Debug|Any CPU
		{A9872F39-18C4-474A-9A7A-EB07585987FA}.Release|Any CPU.ActiveCfg = Release|Any CPU
		{A9872F39-18C4-474A-9A7A-EB07585987FA}.Release|Any CPU.Build.0 = Release|Any CPU
	EndGlobalSection
	GlobalSection(SolutionProperties) = preSolution
		HideSolutionNode = FALSE
	EndGlobalSection
	GlobalSection(ExtensibilityGlobals) = postSolution
		SolutionGuid = {2B0214AD-B25E-4750-9247-5510BA86B19D}
	EndGlobalSection
EndGlobal
